
Microsoft Visual Studio Solution File, Format Version 12.00
# Visual Studio Version 16
VisualStudioVersion = 16.0.30114.105
MinimumVisualStudioVersion = 10.0.40219.1
Project("{FAE04EC0-301F-11D3-BF4B-00C04F79EFBC}") = "ContextSegmentLocker", "ContextSegmentLocker\ContextSegmentLocker.csproj", "{C24B1A21-9760-4177-A078-86FAC9F3A606}"
EndProject
Global
	GlobalSection(SolutionConfigurationPlatforms) = preSolution
		Debug|Any CPU = Debug|Any CPU
		Release|Any CPU = Release|Any CPU
	EndGlobalSection
	GlobalSection(ProjectConfigurationPlatforms) = postSolution
		{C24B1A21-9760-4177-A078-86FAC9F3A606}.Debug|Any CPU.ActiveCfg = Debug|Any CPU
		{C24B1A21-9760-4177-A078-86FAC9F3A606}.Debug|Any CPU.Build.0 = Debug|Any CPU
		{C24B1A21-9760-4177-A078-86FAC9F3A606}.Release|Any CPU.ActiveCfg = Release|Any CPU
		{C24B1A21-9760-4177-A078-86FAC9F3A606}.Release|Any CPU.Build.0 = Release|Any CPU
	EndGlobalSection
	GlobalSection(SolutionProperties) = preSolution
		HideSolutionNode = FALSE
	EndGlobalSection
	GlobalSection(ExtensibilityGlobals) = postSolution
		SolutionGuid = {2AB22038-E15F-4A78-A1F8-F29C583C24EE}
	EndGlobalSection
EndGlobal
